{
    "name": "nodeoffice",
    "version": "0.0.1",
    "lockfileVersion": 1,
    "requires": true,
    "dependencies": {
        "JSONSelect": {
            "version": "0.4.0",
            "resolved": "https://registry.npmjs.org/JSONSelect/-/JSONSelect-0.4.0.tgz",
            "integrity": "sha1-oI7cxn6z/L6Z7WMIVTRKDPKCu40="
        },
        "assertion-error": {
            "version": "1.1.0",
            "resolved": "https://registry.npmjs.org/assertion-error/-/assertion-error-1.1.0.tgz",
            "integrity": "sha512-jgsaNduz+ndvGyFt3uSuWqvy4lCnIJiovtouQN5JZHOKCS2QuhEdbcQHFhVksz2N2U9hXJo8odG7ETyWlEeuDw==",
            "dev": true
        },
        "balanced-match": {
            "version": "1.0.0",
            "resolved": "https://registry.npmjs.org/balanced-match/-/balanced-match-1.0.0.tgz",
            "integrity": "sha1-ibTRmasr7kneFk6gK4nORi1xt2c="
        },
        "big-integer": {
            "version": "1.6.27",
            "resolved": "https://registry.npmjs.org/big-integer/-/big-integer-1.6.27.tgz",
            "integrity": "sha512-NzUKMYW4SWme+H5K+mfEmBxEF/V04PhlzoxxXwSnDig78y2t7HLBVotfDBMUhRPRA3WWID3GmJB/OJSWPhVXtg=="
        },
        "binary": {
            "version": "0.3.0",
            "resolved": "https://registry.npmjs.org/binary/-/binary-0.3.0.tgz",
            "integrity": "sha1-n2BVO8XOjDOG87VTz/R0Yq3sqnk=",
            "requires": {
                "buffers": "0.1.1",
                "chainsaw": "0.1.0"
            }
        },
        "bindings": {
            "version": "1.3.0",
            "resolved": "https://registry.npmjs.org/bindings/-/bindings-1.3.0.tgz",
            "integrity": "sha512-DpLh5EzMR2kzvX1KIlVC0VkC3iZtHKTgdtZ0a3pglBZdaQFjt5S9g9xd1lE+YvXyfd6mtCeRnrUfOLYiTMlNSw=="
        },
        "bluebird": {
            "version": "3.5.1",
            "resolved": "https://registry.npmjs.org/bluebird/-/bluebird-3.5.1.tgz",
            "integrity": "sha512-MKiLiV+I1AA596t9w1sQJ8jkiSr5+ZKi0WKrYGUn6d1Fx+Ij4tIj+m2WMQSGczs5jZVxV339chE8iwk6F64wjA=="
        },
        "brace-expansion": {
            "version": "1.1.11",
            "resolved": "https://registry.npmjs.org/brace-expansion/-/brace-expansion-1.1.11.tgz",
            "integrity": "sha512-iCuPHDFgrHX7H2vEI/5xpz07zSHB00TpugqhmYtVmMO6518mCuRMoOYFldEBl0g187ufozdaHgWKcYFb61qGiA==",
            "requires": {
                "balanced-match": "1.0.0",
                "concat-map": "0.0.1"
            }
        },
        "browser-stdout": {
            "version": "1.3.1",
            "resolved": "https://registry.npmjs.org/browser-stdout/-/browser-stdout-1.3.1.tgz",
            "integrity": "sha512-qhAVI1+Av2X7qelOfAIYwXONood6XlZE/fXaBSmW/T5SzLAmCgzi+eiWE7fUvbHaeNBQH13UftjpXxsfLkMpgw==",
            "dev": true
        },
        "buffer-indexof-polyfill": {
            "version": "1.0.1",
            "resolved": "https://registry.npmjs.org/buffer-indexof-polyfill/-/buffer-indexof-polyfill-1.0.1.tgz",
            "integrity": "sha1-qfuAbOgUXVQoUQznLyeLs2OmOL8="
        },
        "buffer-shims": {
            "version": "1.0.0",
            "resolved": "https://registry.npmjs.org/buffer-shims/-/buffer-shims-1.0.0.tgz",
            "integrity": "sha1-mXjOMXOIxkmth5MCjDR37wRKi1E="
        },
        "buffers": {
            "version": "0.1.1",
            "resolved": "https://registry.npmjs.org/buffers/-/buffers-0.1.1.tgz",
            "integrity": "sha1-skV5w77U1tOWru5tmorn9Ugqt7s="
        },
        "chai": {
            "version": "4.1.2",
            "resolved": "https://registry.npmjs.org/chai/-/chai-4.1.2.tgz",
            "integrity": "sha1-D2RYS6ZC8PKs4oBiefTwbKI61zw=",
            "dev": true,
            "requires": {
                "assertion-error": "1.1.0",
                "check-error": "1.0.2",
                "deep-eql": "3.0.1",
                "get-func-name": "2.0.0",
                "pathval": "1.1.0",
                "type-detect": "4.0.8"
            }
        },
        "chainsaw": {
            "version": "0.1.0",
            "resolved": "https://registry.npmjs.org/chainsaw/-/chainsaw-0.1.0.tgz",
            "integrity": "sha1-XqtQsor+WAdNDVgpE4iCi15fvJg=",
            "requires": {
                "traverse": "0.3.9"
            }
        },
        "check-error": {
            "version": "1.0.2",
            "resolved": "https://registry.npmjs.org/check-error/-/check-error-1.0.2.tgz",
            "integrity": "sha1-V00xLt2Iu13YkS6Sht1sCu1KrII=",
            "dev": true
        },
        "cjson": {
            "version": "0.2.1",
            "resolved": "https://registry.npmjs.org/cjson/-/cjson-0.2.1.tgz",
            "integrity": "sha1-c82KrWXZ4VBfmvF0TTt5wVJ2gqU="
        },
        "colors": {
            "version": "0.5.1",
            "resolved": "https://registry.npmjs.org/colors/-/colors-0.5.1.tgz",
            "integrity": "sha1-fQAj6usVTo7p/Oddy5I9DtFmd3Q="
        },
        "commander": {
            "version": "2.11.0",
            "resolved": "https://registry.npmjs.org/commander/-/commander-2.11.0.tgz",
            "integrity": "sha512-b0553uYA5YAEGgyYIGYROzKQ7X5RAqedkfjiZxwi0kL1g3bOaBNNZfYkzt/CL0umgD5wc9Jec2FbB98CjkMRvQ==",
            "dev": true
        },
        "concat-map": {
            "version": "0.0.1",
            "resolved": "https://registry.npmjs.org/concat-map/-/concat-map-0.0.1.tgz",
            "integrity": "sha1-2Klr13/Wjfd5OnMDajug1UBdR3s="
        },
        "core-util-is": {
            "version": "1.0.2",
            "resolved": "https://registry.npmjs.org/core-util-is/-/core-util-is-1.0.2.tgz",
            "integrity": "sha1-tf1UIgqivFq1eqtxQMlAdUUDwac="
        },
        "csv-parser": {
            "version": "1.8.1",
            "resolved": "https://registry.npmjs.org/csv-parser/-/csv-parser-1.8.1.tgz",
            "integrity": "sha1-oGkv2YgVfWo4PtqjJfMBnlM8XxY=",
            "requires": {
                "generate-function": "1.1.0",
                "generate-object-property": "1.2.0",
                "inherits": "2.0.3",
                "minimist": "0.2.0",
                "ndjson": "1.5.0"
            },
            "dependencies": {
                "minimist": {
                    "version": "0.2.0",
                    "resolved": "https://registry.npmjs.org/minimist/-/minimist-0.2.0.tgz",
                    "integrity": "sha1-Tf/lJdriuGTGbC4jxicdev3s784="
                }
            }
        },
        "debug": {
            "version": "3.1.0",
            "resolved": "https://registry.npmjs.org/debug/-/debug-3.1.0.tgz",
            "integrity": "sha512-OX8XqP7/1a9cqkxYw2yXss15f26NKWBpDXQd0/uK/KPqdQhxbPa994hnzjcE2VqQpDslf55723cKPUOGSmMY3g==",
            "dev": true,
            "requires": {
                "ms": "2.0.0"
            }
        },
        "deep-eql": {
            "version": "3.0.1",
            "resolved": "https://registry.npmjs.org/deep-eql/-/deep-eql-3.0.1.tgz",
            "integrity": "sha512-+QeIQyN5ZuO+3Uk5DYh6/1eKO0m0YmJFGNmFHGACpf1ClL1nmlV/p4gNgbl2pJGxgXb4faqo6UE+M5ACEMyVcw==",
            "dev": true,
            "requires": {
                "type-detect": "4.0.8"
            }
        },
        "deep-is": {
            "version": "0.1.3",
            "resolved": "https://registry.npmjs.org/deep-is/-/deep-is-0.1.3.tgz",
            "integrity": "sha1-s2nW+128E+7PUk+RsHD+7cNXzzQ="
        },
        "diff": {
            "version": "3.5.0",
            "resolved": "https://registry.npmjs.org/diff/-/diff-3.5.0.tgz",
            "integrity": "sha512-A46qtFgd+g7pDZinpnwiRJtxbC1hpgf0uzP3iG89scHk0AUC7A1TGxf5OiiOUv/JMZR8GOt8hL900hV0bOy5xA==",
            "dev": true
        },
        "duplexer2": {
            "version": "0.1.4",
            "resolved": "https://registry.npmjs.org/duplexer2/-/duplexer2-0.1.4.tgz",
            "integrity": "sha1-ixLauHjA1p4+eJEFFmKjL8a93ME=",
            "requires": {
                "readable-stream": "2.1.5"
            }
        },
        "ebnf-parser": {
            "version": "0.1.10",
            "resolved": "https://registry.npmjs.org/ebnf-parser/-/ebnf-parser-0.1.10.tgz",
            "integrity": "sha1-zR9rpHfFY4xAyX7ZtXLbW6tdgzE="
        },
        "escape-string-regexp": {
            "version": "1.0.5",
            "resolved": "https://registry.npmjs.org/escape-string-regexp/-/escape-string-regexp-1.0.5.tgz",
            "integrity": "sha1-G2HAViGQqN/2rjuyzwIAyhMLhtQ=",
            "dev": true
        },
        "escodegen": {
            "version": "0.0.21",
            "resolved": "https://registry.npmjs.org/escodegen/-/escodegen-0.0.21.tgz",
            "integrity": "sha1-U9ZSz6EDA4gnlFilJmxf/HCcY8M=",
            "requires": {
                "esprima": "1.0.4",
                "estraverse": "0.0.4",
                "source-map": "0.7.2"
            },
            "dependencies": {
                "esprima": {
                    "version": "1.0.4",
                    "resolved": "https://registry.npmjs.org/esprima/-/esprima-1.0.4.tgz",
                    "integrity": "sha1-n1V+CPw7TSbs6d00+Pv0drYlha0="
                }
            }
        },
        "esprima": {
            "version": "1.2.2",
            "resolved": "https://registry.npmjs.org/esprima/-/esprima-1.2.2.tgz",
            "integrity": "sha1-dqD9Zvz+FU/SkmZ9wmQBl1CxZXs="
        },
        "estraverse": {
            "version": "0.0.4",
            "resolved": "https://registry.npmjs.org/estraverse/-/estraverse-0.0.4.tgz",
            "integrity": "sha1-AaCTLf7ldGhKWYr1pnw7+bZCjbI="
        },
        "esutils": {
            "version": "2.0.2",
            "resolved": "https://registry.npmjs.org/esutils/-/esutils-2.0.2.tgz",
            "integrity": "sha1-Cr9PHKpbyx96nYrMbepPqqBLrJs="
        },
        "etl": {
            "version": "0.5.8",
            "resolved": "https://registry.npmjs.org/etl/-/etl-0.5.8.tgz",
            "integrity": "sha512-m9MJjjkjuQyEW7yivRIdNBkwtTzNYNsxnX4+XoLsfxu+orGOK5HAaSMG5otOKg5UU1Zv4JinUQq1KBAVDLT9Kg==",
            "requires": {
                "bluebird": "3.5.1",
                "csv-parser": "1.8.1",
                "duplexer2": "0.1.4",
                "moment": "2.18.1",
                "streamz": "1.8.5"
            },
            "dependencies": {
                "moment": {
                    "version": "2.18.1",
                    "resolved": "https://registry.npmjs.org/moment/-/moment-2.18.1.tgz",
                    "integrity": "sha1-w2GT3Tzhwu7SrbfIAtu8d6gbHA8="
                }
            }
        },
        "fast-levenshtein": {
            "version": "2.0.6",
            "resolved": "https://registry.npmjs.org/fast-levenshtein/-/fast-levenshtein-2.0.6.tgz",
            "integrity": "sha1-PYpcZog6FqMMqGQ+hR8Zuqd5eRc="
        },
        "fs.realpath": {
            "version": "1.0.0",
            "resolved": "https://registry.npmjs.org/fs.realpath/-/fs.realpath-1.0.0.tgz",
            "integrity": "sha1-FQStJSMVjKpA20onh8sBQRmU6k8="
        },
        "fstream": {
            "version": "1.0.11",
            "resolved": "https://registry.npmjs.org/fstream/-/fstream-1.0.11.tgz",
            "integrity": "sha1-XB+x8RdHcRTwYyoOtLcbPLD9MXE=",
            "requires": {
                "graceful-fs": "4.1.11",
                "inherits": "2.0.3",
                "mkdirp": "0.5.1",
                "rimraf": "2.6.2"
            }
        },
        "generate-function": {
            "version": "1.1.0",
            "resolved": "https://registry.npmjs.org/generate-function/-/generate-function-1.1.0.tgz",
            "integrity": "sha1-VMIbCAGSsW2Yd3ecW7gWZudyNl8="
        },
        "generate-object-property": {
            "version": "1.2.0",
            "resolved": "https://registry.npmjs.org/generate-object-property/-/generate-object-property-1.2.0.tgz",
            "integrity": "sha1-nA4cQDCM6AT0eDYYuTf6iPmdUNA=",
            "requires": {
                "is-property": "1.0.2"
            }
        },
        "get-func-name": {
            "version": "2.0.0",
            "resolved": "https://registry.npmjs.org/get-func-name/-/get-func-name-2.0.0.tgz",
            "integrity": "sha1-6td0q+5y4gQJQzoGY2YCPdaIekE=",
            "dev": true
        },
        "glob": {
            "version": "7.1.2",
            "resolved": "https://registry.npmjs.org/glob/-/glob-7.1.2.tgz",
            "integrity": "sha512-MJTUg1kjuLeQCJ+ccE4Vpa6kKVXkPYJ2mOCQyUuKLcLQsdrMCpBPUi8qVE6+YuaJkozeA9NusTAw3hLr8Xe5EQ==",
            "requires": {
                "fs.realpath": "1.0.0",
                "inflight": "1.0.6",
                "inherits": "2.0.3",
                "minimatch": "3.0.4",
                "once": "1.4.0",
                "path-is-absolute": "1.0.1"
            }
        },
        "graceful-fs": {
            "version": "4.1.11",
            "resolved": "https://registry.npmjs.org/graceful-fs/-/graceful-fs-4.1.11.tgz",
            "integrity": "sha1-Dovf5NHduIVNZOBOp8AOKgJuVlg="
        },
        "growl": {
            "version": "1.10.3",
            "resolved": "https://registry.npmjs.org/growl/-/growl-1.10.3.tgz",
            "integrity": "sha512-hKlsbA5Vu3xsh1Cg3J7jSmX/WaW6A5oBeqzM88oNbCRQFz+zUaXm6yxS4RVytp1scBoJzSYl4YAEOQIt6O8V1Q==",
            "dev": true
        },
        "has-flag": {
            "version": "2.0.0",
            "resolved": "https://registry.npmjs.org/has-flag/-/has-flag-2.0.0.tgz",
            "integrity": "sha1-6CB68cx7MNRGzHC3NLXovhj4jVE=",
            "dev": true
        },
        "he": {
            "version": "1.1.1",
            "resolved": "https://registry.npmjs.org/he/-/he-1.1.1.tgz",
            "integrity": "sha1-k0EP0hsAlzUVH4howvJx80J+I/0=",
            "dev": true
        },
        "hoek": {
            "version": "4.2.1",
            "resolved": "https://registry.npmjs.org/hoek/-/hoek-4.2.1.tgz",
            "integrity": "sha512-QLg82fGkfnJ/4iy1xZ81/9SIJiq1NGFUMGs6ParyjBZr6jW2Ufj/snDqTHixNlHdPNwN2RLVD0Pi3igeK9+JfA=="
        },
        "inflight": {
            "version": "1.0.6",
            "resolved": "https://registry.npmjs.org/inflight/-/inflight-1.0.6.tgz",
            "integrity": "sha1-Sb1jMdfQLQwJvJEKEHW6gWW1bfk=",
            "requires": {
                "once": "1.4.0",
                "wrappy": "1.0.2"
            }
        },
        "inherits": {
            "version": "2.0.3",
            "resolved": "https://registry.npmjs.org/inherits/-/inherits-2.0.3.tgz",
            "integrity": "sha1-Yzwsg+PaQqUC9SRmAiSA9CCCYd4="
        },
        "is-property": {
            "version": "1.0.2",
            "resolved": "https://registry.npmjs.org/is-property/-/is-property-1.0.2.tgz",
            "integrity": "sha1-V/4cTkhHTt1lsJkR8msc1Ald2oQ="
        },
        "isarray": {
            "version": "1.0.0",
            "resolved": "https://registry.npmjs.org/isarray/-/isarray-1.0.0.tgz",
            "integrity": "sha1-u5NdSFgsuhaMBoNJV6VKPgcSTxE="
        },
        "isemail": {
            "version": "2.2.1",
            "resolved": "https://registry.npmjs.org/isemail/-/isemail-2.2.1.tgz",
            "integrity": "sha1-A1PT2aYpUQgMJiwqoKQrjqjp4qY="
        },
        "items": {
            "version": "2.1.1",
            "resolved": "https://registry.npmjs.org/items/-/items-2.1.1.tgz",
            "integrity": "sha1-i9FtnIOxlSneWuoyGsqtp4NkoZg="
        },
        "jison": {
            "version": "0.4.13",
            "resolved": "https://registry.npmjs.org/jison/-/jison-0.4.13.tgz",
            "integrity": "sha1-kEFwfWIkE2f1iDRTK58ZwsNvrHg=",
            "requires": {
                "JSONSelect": "0.4.0",
                "cjson": "0.2.1",
                "ebnf-parser": "0.1.10",
                "escodegen": "0.0.21",
                "esprima": "1.0.4",
                "jison-lex": "0.2.1",
                "lex-parser": "0.1.4",
                "nomnom": "1.5.2"
            },
            "dependencies": {
                "esprima": {
                    "version": "1.0.4",
                    "resolved": "https://registry.npmjs.org/esprima/-/esprima-1.0.4.tgz",
                    "integrity": "sha1-n1V+CPw7TSbs6d00+Pv0drYlha0="
                }
            }
        },
        "jison-lex": {
            "version": "0.2.1",
            "resolved": "https://registry.npmjs.org/jison-lex/-/jison-lex-0.2.1.tgz",
            "integrity": "sha1-rEuBXozOUTLrErXfz+jXB7iETf4=",
            "requires": {
                "lex-parser": "0.1.4",
                "nomnom": "1.5.2"
            }
        },
        "joi": {
            "version": "9.2.0",
            "resolved": "https://registry.npmjs.org/joi/-/joi-9.2.0.tgz",
            "integrity": "sha1-M4WseQGSEwy+Iw6ALsAskhW7/to=",
            "requires": {
                "hoek": "4.2.1",
                "isemail": "2.2.1",
                "items": "2.1.1",
                "moment": "2.21.0",
                "topo": "2.0.2"
            }
        },
        "json-stringify-safe": {
            "version": "5.0.1",
            "resolved": "https://registry.npmjs.org/json-stringify-safe/-/json-stringify-safe-5.0.1.tgz",
            "integrity": "sha1-Epai1Y/UXxmg9s4B1lcB4sc1tus="
        },
        "jsonpath": {
            "version": "1.0.0",
            "resolved": "https://registry.npmjs.org/jsonpath/-/jsonpath-1.0.0.tgz",
            "integrity": "sha1-Rc2dTE0NaCXZC9fkD4PxGCsT3Qc=",
            "requires": {
                "esprima": "1.2.2",
                "jison": "0.4.13",
                "static-eval": "2.0.0",
                "underscore": "1.7.0"
            }
        },
        "levn": {
            "version": "0.3.0",
            "resolved": "https://registry.npmjs.org/levn/-/levn-0.3.0.tgz",
            "integrity": "sha1-OwmSTt+fCDwEkP3UwLxEIeBHZO4=",
            "requires": {
                "prelude-ls": "1.1.2",
                "type-check": "0.3.2"
            }
        },
        "lex-parser": {
            "version": "0.1.4",
            "resolved": "https://registry.npmjs.org/lex-parser/-/lex-parser-0.1.4.tgz",
            "integrity": "sha1-ZMTwJfF/1Tv7RXY/rrFvAVp0dVA="
        },
        "listenercount": {
            "version": "1.0.1",
            "resolved": "https://registry.npmjs.org/listenercount/-/listenercount-1.0.1.tgz",
            "integrity": "sha1-hMinKrWcRyUyFIDJdeZQg0LnCTc="
        },
        "minimatch": {
            "version": "3.0.4",
            "resolved": "https://registry.npmjs.org/minimatch/-/minimatch-3.0.4.tgz",
            "integrity": "sha512-yJHVQEhyqPLUTgt9B83PXu6W3rx4MvvHvSUvToogpwoGDOUQ+yDrR0HRot+yOCdCO7u4hX3pWft6kWBBcqh0UA==",
            "requires": {
                "brace-expansion": "1.1.11"
            }
        },
        "minimist": {
            "version": "0.0.8",
            "resolved": "https://registry.npmjs.org/minimist/-/minimist-0.0.8.tgz",
            "integrity": "sha1-hX/Kv8M5fSYluCKCYuhqp6ARsF0="
        },
        "mkdirp": {
            "version": "0.5.1",
            "resolved": "https://registry.npmjs.org/mkdirp/-/mkdirp-0.5.1.tgz",
            "integrity": "sha1-MAV0OOrGz3+MR2fzhkjWaX11yQM=",
            "requires": {
                "minimist": "0.0.8"
            }
        },
        "mocha": {
            "version": "5.0.4",
            "resolved": "https://registry.npmjs.org/mocha/-/mocha-5.0.4.tgz",
            "integrity": "sha512-nMOpAPFosU1B4Ix1jdhx5e3q7XO55ic5a8cgYvW27CequcEY+BabS0kUVL1Cw1V5PuVHZWeNRWFLmEPexo79VA==",
            "dev": true,
            "requires": {
                "browser-stdout": "1.3.1",
                "commander": "2.11.0",
                "debug": "3.1.0",
                "diff": "3.5.0",
                "escape-string-regexp": "1.0.5",
                "glob": "7.1.2",
                "growl": "1.10.3",
                "he": "1.1.1",
                "mkdirp": "0.5.1",
                "supports-color": "4.4.0"
            }
        },
        "moment": {
            "version": "2.21.0",
            "resolved": "https://registry.npmjs.org/moment/-/moment-2.21.0.tgz",
            "integrity": "sha512-TCZ36BjURTeFTM/CwRcViQlfkMvL1/vFISuNLO5GkcVm1+QHfbSiNqZuWeMFjj1/3+uAjXswgRk30j1kkLYJBQ=="
        },
        "ms": {
            "version": "2.0.0",
            "resolved": "https://registry.npmjs.org/ms/-/ms-2.0.0.tgz",
            "integrity": "sha1-VgiurfwAvmwpAd9fmGF4jeDVl8g=",
            "dev": true
        },
        "nan": {
            "version": "2.10.0",
            "resolved": "https://registry.npmjs.org/nan/-/nan-2.10.0.tgz",
            "integrity": "sha512-bAdJv7fBLhWC+/Bls0Oza+mvTaNQtP+1RyhhhvD95pgUJz6XM5IzgmxOkItJ9tkoCiplvAnXI1tNmmUD/eScyA=="
        },
        "ndjson": {
            "version": "1.5.0",
            "resolved": "https://registry.npmjs.org/ndjson/-/ndjson-1.5.0.tgz",
            "integrity": "sha1-rmA7NrE0vOw0e0UkIrC/mNWDLsg=",
            "requires": {
                "json-stringify-safe": "5.0.1",
                "minimist": "1.2.0",
                "split2": "2.2.0",
                "through2": "2.0.3"
            },
            "dependencies": {
                "minimist": {
                    "version": "1.2.0",
                    "resolved": "https://registry.npmjs.org/minimist/-/minimist-1.2.0.tgz",
                    "integrity": "sha1-o1AIsg9BOD7sH7kU9M1d95omQoQ="
                }
            }
        },
        "node-expat": {
            "version": "2.3.16",
            "resolved": "https://registry.npmjs.org/node-expat/-/node-expat-2.3.16.tgz",
            "integrity": "sha512-e3HyQI0lk5CXyYQ4RsDYGiWdY5LJxNMlNCzo4/gwqY8lhYIeTf5VwGirGDa1EPrcZROmOR37wHuFVnoHmOWnOw==",
            "requires": {
                "bindings": "1.3.0",
                "nan": "2.10.0"
            }
        },
        "nomnom": {
            "version": "1.5.2",
            "resolved": "https://registry.npmjs.org/nomnom/-/nomnom-1.5.2.tgz",
            "integrity": "sha1-9DRUSKhTz71cDSYyDyR3qwUm/i8=",
            "requires": {
                "colors": "0.5.1",
                "underscore": "1.1.7"
            },
            "dependencies": {
                "underscore": {
                    "version": "1.1.7",
                    "resolved": "https://registry.npmjs.org/underscore/-/underscore-1.1.7.tgz",
                    "integrity": "sha1-QLq4S60Z0jAJbo1u9ii/8FXYPbA="
                }
            }
        },
        "once": {
            "version": "1.4.0",
            "resolved": "https://registry.npmjs.org/once/-/once-1.4.0.tgz",
            "integrity": "sha1-WDsap3WWHUsROsF9nFC6753Xa9E=",
            "requires": {
                "wrappy": "1.0.2"
            }
        },
        "optionator": {
            "version": "0.8.2",
            "resolved": "https://registry.npmjs.org/optionator/-/optionator-0.8.2.tgz",
            "integrity": "sha1-NkxeQJ0/TWMB1sC0wFu6UBgK62Q=",
            "requires": {
                "deep-is": "0.1.3",
                "fast-levenshtein": "2.0.6",
                "levn": "0.3.0",
                "prelude-ls": "1.1.2",
                "type-check": "0.3.2",
                "wordwrap": "1.0.0"
            }
        },
        "path-is-absolute": {
            "version": "1.0.1",
            "resolved": "https://registry.npmjs.org/path-is-absolute/-/path-is-absolute-1.0.1.tgz",
            "integrity": "sha1-F0uSaHNVNP+8es5r9TpanhtcX18="
        },
        "pathval": {
            "version": "1.1.0",
            "resolved": "https://registry.npmjs.org/pathval/-/pathval-1.1.0.tgz",
            "integrity": "sha1-uULm1L3mUwBe9rcTYd74cn0GReA=",
            "dev": true
        },
        "prelude-ls": {
            "version": "1.1.2",
            "resolved": "https://registry.npmjs.org/prelude-ls/-/prelude-ls-1.1.2.tgz",
            "integrity": "sha1-IZMqVJ9eUv/ZqCf1cOBL5iqX2lQ="
        },
        "process-nextick-args": {
            "version": "1.0.7",
            "resolved": "https://registry.npmjs.org/process-nextick-args/-/process-nextick-args-1.0.7.tgz",
            "integrity": "sha1-FQ4gt1ZZCtP5EJPyWk8q2L/zC6M="
        },
        "readable-stream": {
            "version": "2.1.5",
            "resolved": "https://registry.npmjs.org/readable-stream/-/readable-stream-2.1.5.tgz",
            "integrity": "sha1-ZvqLcg4UOLNkaB8q0aY8YYRIydA=",
            "requires": {
                "buffer-shims": "1.0.0",
                "core-util-is": "1.0.2",
                "inherits": "2.0.3",
                "isarray": "1.0.0",
                "process-nextick-args": "1.0.7",
                "string_decoder": "0.10.31",
                "util-deprecate": "1.0.2"
            }
        },
        "rimraf": {
            "version": "2.6.2",
            "resolved": "https://registry.npmjs.org/rimraf/-/rimraf-2.6.2.tgz",
            "integrity": "sha512-lreewLK/BlghmxtfH36YYVg1i8IAce4TI7oao75I1g245+6BctqTVQiBP3YUJ9C6DQOXJmkYR9X9fCLtCOJc5w==",
            "requires": {
                "glob": "7.1.2"
            }
        },
        "setimmediate": {
            "version": "1.0.5",
            "resolved": "https://registry.npmjs.org/setimmediate/-/setimmediate-1.0.5.tgz",
            "integrity": "sha1-KQy7Iy4waULX1+qbg3Mqt4VvgoU="
        },
        "source-map": {
            "version": "0.7.2",
            "resolved": "https://registry.npmjs.org/source-map/-/source-map-0.7.2.tgz",
            "integrity": "sha512-NDJB/R2BS7YJG0tP9SbE4DKwKj1idLT5RJqfVYZ7dreFX7wulZT3xxVhbYKrQo9n0JkRptl51TrX/5VK3HodMA==",
            "optional": true
        },
        "split2": {
            "version": "2.2.0",
            "resolved": "https://registry.npmjs.org/split2/-/split2-2.2.0.tgz",
            "integrity": "sha512-RAb22TG39LhI31MbreBgIuKiIKhVsawfTgEGqKHTK87aG+ul/PB8Sqoi3I7kVdRWiCfrKxK3uo4/YUkpNvhPbw==",
            "requires": {
                "through2": "2.0.3"
            }
        },
        "static-eval": {
            "version": "2.0.0",
            "resolved": "https://registry.npmjs.org/static-eval/-/static-eval-2.0.0.tgz",
            "integrity": "sha512-6flshd3F1Gwm+Ksxq463LtFd1liC77N/PX1FVVc3OzL3hAmo2fwHFbuArkcfi7s9rTNsLEhcRmXGFZhlgy40uw==",
            "requires": {
                "escodegen": "1.9.1"
            },
            "dependencies": {
                "escodegen": {
                    "version": "1.9.1",
                    "resolved": "https://registry.npmjs.org/escodegen/-/escodegen-1.9.1.tgz",
                    "integrity": "sha512-6hTjO1NAWkHnDk3OqQ4YrCuwwmGHL9S3nPlzBOUG/R44rda3wLNrfvQ5fkSGjyhHFKM7ALPKcKGrwvCLe0lC7Q==",
                    "requires": {
                        "esprima": "3.1.3",
                        "estraverse": "4.2.0",
                        "esutils": "2.0.2",
                        "optionator": "0.8.2",
                        "source-map": "0.6.1"
                    }
                },
                "esprima": {
                    "version": "3.1.3",
                    "resolved": "https://registry.npmjs.org/esprima/-/esprima-3.1.3.tgz",
                    "integrity": "sha1-/cpRzuYTOJXjyI1TXOSdv/YqRjM="
                },
                "estraverse": {
                    "version": "4.2.0",
                    "resolved": "https://registry.npmjs.org/estraverse/-/estraverse-4.2.0.tgz",
                    "integrity": "sha1-De4/7TH81GlhjOc0IJn8GvoL2xM="
                },
                "source-map": {
                    "version": "0.6.1",
                    "resolved": "https://registry.npmjs.org/source-map/-/source-map-0.6.1.tgz",
                    "integrity": "sha512-UjgapumWlbMhkBgzT7Ykc5YXUT46F0iKu8SGXq0bcwP5dz/h0Plj6enJqjz1Zbq2l5WaqYnrVbwWOWMyF3F47g==",
                    "optional": true
                }
            }
        },
        "streamz": {
            "version": "1.8.5",
            "resolved": "https://registry.npmjs.org/streamz/-/streamz-1.8.5.tgz",
            "integrity": "sha512-L0C1Mjcqk+5+0UGN6mWornqFLoY/Ub7qe4DFUm/9vXB+yiwj6oVeBoh9pw1gm46gzCe7RZpLxm39zXosgbkieg==",
            "requires": {
                "bluebird": "3.5.1"
            }
        },
        "string_decoder": {
            "version": "0.10.31",
            "resolved": "https://registry.npmjs.org/string_decoder/-/string_decoder-0.10.31.tgz",
            "integrity": "sha1-YuIDvEF2bGwoyfyEMB2rHFMQ+pQ="
        },
        "supports-color": {
            "version": "4.4.0",
            "resolved": "https://registry.npmjs.org/supports-color/-/supports-color-4.4.0.tgz",
            "integrity": "sha512-rKC3+DyXWgK0ZLKwmRsrkyHVZAjNkfzeehuFWdGGcqGDTZFH73+RH6S/RDAAxl9GusSjZSUWYLmT9N5pzXFOXQ==",
            "dev": true,
            "requires": {
                "has-flag": "2.0.0"
            }
        },
        "through2": {
            "version": "2.0.3",
            "resolved": "https://registry.npmjs.org/through2/-/through2-2.0.3.tgz",
            "integrity": "sha1-AARWmzfHx0ujnEPzzteNGtlBQL4=",
            "requires": {
                "readable-stream": "2.1.5",
                "xtend": "4.0.1"
            }
        },
        "topo": {
            "version": "2.0.2",
            "resolved": "https://registry.npmjs.org/topo/-/topo-2.0.2.tgz",
            "integrity": "sha1-zVYVdSU5BXwNwEkaYhw7xvvh0YI=",
            "requires": {
                "hoek": "4.2.1"
            }
        },
        "traverse": {
            "version": "0.3.9",
            "resolved": "https://registry.npmjs.org/traverse/-/traverse-0.3.9.tgz",
            "integrity": "sha1-cXuPIgzAu3tE5AUUwisui7xw2Lk="
        },
        "type-check": {
            "version": "0.3.2",
            "resolved": "https://registry.npmjs.org/type-check/-/type-check-0.3.2.tgz",
            "integrity": "sha1-WITKtRLPHTVeP7eE8wgEsrUg23I=",
            "requires": {
                "prelude-ls": "1.1.2"
            }
        },
        "type-detect": {
            "version": "4.0.8",
            "resolved": "https://registry.npmjs.org/type-detect/-/type-detect-4.0.8.tgz",
            "integrity": "sha512-0fr/mIH1dlO+x7TlcMy+bIDqKPsw/70tVyeHW787goQjhmqaZe10uwLujubK9q9Lg6Fiho1KUKDYz0Z7k7g5/g==",
            "dev": true
        },
        "underscore": {
            "version": "1.7.0",
            "resolved": "https://registry.npmjs.org/underscore/-/underscore-1.7.0.tgz",
            "integrity": "sha1-a7rwh3UA02vjTsqlhODbn+8DUgk="
        },
        "unzipper": {
            "version": "0.8.11",
            "resolved": "https://registry.npmjs.org/unzipper/-/unzipper-0.8.11.tgz",
            "integrity": "sha1-iUOD3GtL2rlE5Eb2ZagtQNFn+9Q=",
            "requires": {
                "big-integer": "1.6.27",
                "binary": "0.3.0",
                "bluebird": "3.4.7",
                "buffer-indexof-polyfill": "1.0.1",
                "duplexer2": "0.1.4",
                "fstream": "1.0.11",
                "listenercount": "1.0.1",
                "readable-stream": "2.1.5",
                "setimmediate": "1.0.5"
            },
            "dependencies": {
                "bluebird": {
                    "version": "3.4.7",
                    "resolved": "https://registry.npmjs.org/bluebird/-/bluebird-3.4.7.tgz",
                    "integrity": "sha1-9y12C+Cbf3bQjtj66Ysomo0F+rM="
                }
            }
        },
        "util-deprecate": {
            "version": "1.0.2",
            "resolved": "https://registry.npmjs.org/util-deprecate/-/util-deprecate-1.0.2.tgz",
            "integrity": "sha1-RQ1Nyfpw3nMnYvvS1KKJgUGaDM8="
        },
        "wordwrap": {
            "version": "1.0.0",
            "resolved": "https://registry.npmjs.org/wordwrap/-/wordwrap-1.0.0.tgz",
            "integrity": "sha1-J1hIEIkUVqQXHI0CJkQa3pDLyus="
        },
        "wrappy": {
            "version": "1.0.2",
            "resolved": "https://registry.npmjs.org/wrappy/-/wrappy-1.0.2.tgz",
            "integrity": "sha1-tSQ9jz7BqjXxNkYFvA0QNuMKtp8="
        },
        "xml2json": {
            "version": "0.11.0",
            "resolved": "https://registry.npmjs.org/xml2json/-/xml2json-0.11.0.tgz",
            "integrity": "sha1-HVTx2GjbvQSJK4RdfLrZTFKOFuQ=",
            "requires": {
                "hoek": "4.2.1",
                "joi": "9.2.0",
                "node-expat": "2.3.16"
            }
        },
        "xtend": {
            "version": "4.0.1",
            "resolved": "https://registry.npmjs.org/xtend/-/xtend-4.0.1.tgz",
            "integrity": "sha1-pcbVMr5lbiPbgg77lDofBJmNY68="
        }
    }
}
